
Microsoft Visual Studio Solution File, Format Version 12.00
# Visual Studio Version 16
VisualStudioVersion = 16.0.29806.167
MinimumVisualStudioVersion = 10.0.40219.1
Project("{FAE04EC0-301F-11D3-BF4B-00C04F79EFBC}") = "Практика", "Практика\Практика.csproj", "{3CAE13E4-C330-4F27-92A8-ECB87E3B8201}"
EndProject
Global
	GlobalSection(SolutionConfigurationPlatforms) = preSolution
		Debug|Any CPU = Debug|Any CPU
		Release|Any CPU = Release|Any CPU
	EndGlobalSection
	GlobalSection(ProjectConfigurationPlatforms) = postSolution
		{3CAE13E4-C330-4F27-92A8-ECB87E3B8201}.Debug|Any CPU.ActiveCfg = Debug|Any CPU
		{3CAE13E4-C330-4F27-92A8-ECB87E3B8201}.Debug|Any CPU.Build.0 = Debug|Any CPU
		{3CAE13E4-C330-4F27-92A8-ECB87E3B8201}.Release|Any CPU.ActiveCfg = Release|Any CPU
		{3CAE13E4-C330-4F27-92A8-ECB87E3B8201}.Release|Any CPU.Build.0 = Release|Any CPU
	EndGlobalSection
	GlobalSection(SolutionProperties) = preSolution
		HideSolutionNode = FALSE
	EndGlobalSection
	GlobalSection(ExtensibilityGlobals) = postSolution
		SolutionGuid = {1FDDCA90-3BB3-40F2-8DC4-A249226B389B}
	EndGlobalSection
EndGlobal
